// !$*UTF8*$!
{
	archiveVersion = 1;
	classes = {
	};
	objectVersion = 48;
	objects = {

/* Begin PBXBuildFile section */
		816534581FA31752002FB921 /* AppDelegate.m in Sources */ = {isa = PBXBuildFile; fileRef = 816534571FA31752002FB921 /* AppDelegate.m */; };
		8165345B1FA31752002FB921 /* ViewController.m in Sources */ = {isa = PBXBuildFile; fileRef = 8165345A1FA31752002FB921 /* ViewController.m */; };
		8165345E1FA31752002FB921 /* Main.storyboard in Resources */ = {isa = PBXBuildFile; fileRef = 8165345C1FA31752002FB921 /* Main.storyboard */; };
		816534601FA31752002FB921 /* Assets.xcassets in Resources */ = {isa = PBXBuildFile; fileRef = 8165345F1FA31752002FB921 /* Assets.xcassets */; };
		816534631FA31752002FB921 /* LaunchScreen.storyboard in Resources */ = {isa = PBXBuildFile; fileRef = 816534611FA31752002FB921 /* LaunchScreen.storyboard */; };
		816534661FA31752002FB921 /* main.m in Sources */ = {isa = PBXBuildFile; fileRef = 816534651FA31752002FB921 /* main.m */; };
		816534701FA31752002FB921 /* AESCryptDemoTests.m in Sources */ = {isa = PBXBuildFile; fileRef = 8165346F1FA31752002FB921 /* AESCryptDemoTests.m */; };
		8165347B1FA31752002FB921 /* AESCryptDemoUITests.m in Sources */ = {isa = PBXBuildFile; fileRef = 8165347A1FA31752002FB921 /* AESCryptDemoUITests.m */; };
/* End PBXBuildFile section */

/* Begin PBXContainerItemProxy section */
		8165346C1FA31752002FB921 /* PBXContainerItemProxy */ = {
			isa = PBXContainerItemProxy;
			containerPortal = 8165344B1FA31752002FB921 /* Project object */;
			proxyType = 1;
			remoteGlobalIDString = 816534521FA31752002FB921;
			remoteInfo = AESCryptDemo;
		};
		816534771FA31752002FB921 /* PBXContainerItemProxy */ = {
			isa = PBXContainerItemProxy;
			containerPortal = 8165344B1FA31752002FB921 /* Project object */;
			proxyType = 1;
			remoteGlobalIDString = 816534521FA31752002FB921;
			remoteInfo = AESCryptDemo;
		};
/* End PBXContainerItemProxy section */

/* Begin PBXFileReference section */
		816534531FA31752002FB921 /* AESCryptDemo.app */ = {isa = PBXFileReference; explicitFileType = wrapper.application; includeInIndex = 0; path = AESCryptDemo.app; sourceTree = BUILT_PRODUCTS_DIR; };
		816534561FA31752002FB921 /* AppDelegate.h */ = {isa = PBXFileReference; lastKnownFileType = sourcecode.c.h; path = AppDelegate.h; sourceTree = "<group>"; };
		816534571FA31752002FB921 /* AppDelegate.m */ = {isa = PBXFileReference; lastKnownFileType = sourcecode.c.objc; path = AppDelegate.m; sourceTree = "<group>"; };
		816534591FA31752002FB921 /* ViewController.h */ = {isa = PBXFileReference; lastKnownFileType = sourcecode.c.h; path = ViewController.h; sourceTree = "<group>"; };
		8165345A1FA31752002FB921 /* ViewController.m */ = {isa = PBXFileReference; lastKnownFileType = sourcecode.c.objc; path = ViewController.m; sourceTree = "<group>"; };
		8165345D1FA31752002FB921 /* Base */ = {isa = PBXFileReference; lastKnownFileType = file.storyboard; name = Base; path = Base.lproj/Main.storyboard; sourceTree = "<group>"; };
		8165345F1FA31752002FB921 /* Assets.xcassets */ = {isa = PBXFileReference; lastKnownFileType = folder.assetcatalog; path = Assets.xcassets; sourceTree = "<group>"; };
		816534621FA31752002FB921 /* Base */ = {isa = PBXFileReference; lastKnownFileType = file.storyboard; name = Base; path = Base.lproj/LaunchScreen.storyboard; sourceTree = "<group>"; };
		816534641FA31752002FB921 /* Info.plist */ = {isa = PBXFileReference; lastKnownFileType = text.plist.xml; path = Info.plist; sourceTree = "<group>"; };
		816534651FA31752002FB921 /* main.m */ = {isa = PBXFileReference; lastKnownFileType = sourcecode.c.objc; path = main.m; sourceTree = "<group>"; };
		8165346B1FA31752002FB921 /* AESCryptDemoTests.xctest */ = {isa = PBXFileReference; explicitFileType = wrapper.cfbundle; includeInIndex = 0; path = AESCryptDemoTests.xctest; sourceTree = BUILT_PRODUCTS_DIR; };
		8165346F1FA31752002FB921 /* AESCryptDemoTests.m */ = {isa = PBXFileReference; lastKnownFileType = sourcecode.c.objc; path = AESCryptDemoTests.m; sourceTree = "<group>"; };
		816534711FA31752002FB921 /* Info.plist */ = {isa = PBXFileReference; lastKnownFileType = text.plist.xml; path = Info.plist; sourceTree = "<group>"; };
		816534761FA31752002FB921 /* AESCryptDemoUITests.xctest */ = {isa = PBXFileReference; explicitFileType = wrapper.cfbundle; includeInIndex = 0; path = AESCryptDemoUITests.xctest; sourceTree = BUILT_PRODUCTS_DIR; };
		8165347A1FA31752002FB921 /* AESCryptDemoUITests.m */ = {isa = PBXFileReference; lastKnownFileType = sourcecode.c.objc; path = AESCryptDemoUITests.m; sourceTree = "<group>"; };
		8165347C1FA31752002FB921 /* Info.plist */ = {isa = PBXFileReference; lastKnownFileType = text.plist.xml; path = Info.plist; sourceTree = "<group>"; };
/* End PBXFileReference section */

/* Begin PBXFrameworksBuildPhase section */
		816534501FA31752002FB921 /* Frameworks */ = {
			isa = PBXFrameworksBuildPhase;
			buildActionMask = 2147483647;
			files = (
			);
			runOnlyForDeploymentPostprocessing = 0;
		};
		816534681FA31752002FB921 /* Frameworks */ = {
			isa = PBXFrameworksBuildPhase;
			buildActionMask = 2147483647;
			files = (
			);
			runOnlyForDeploymentPostprocessing = 0;
		};
		816534731FA31752002FB921 /* Frameworks */ = {
			isa = PBXFrameworksBuildPhase;
			buildActionMask = 2147483647;
			files = (
			);
			runOnlyForDeploymentPostprocessing = 0;
		};
/* End PBXFrameworksBuildPhase section */

/* Begin PBXGroup section */
		8165344A1FA31752002FB921 = {
			isa = PBXGroup;
			children = (
				816534551FA31752002FB921 /* AESCryptDemo */,
				8165346E1FA31752002FB921 /* AESCryptDemoTests */,
				816534791FA31752002FB921 /* AESCryptDemoUITests */,
				816534541FA31752002FB921 /* Products */,
			);
			sourceTree = "<group>";
		};
		816534541FA31752002FB921 /* Products */ = {
			isa = PBXGroup;
			children = (
				816534531FA31752002FB921 /* AESCryptDemo.app */,
				8165346B1FA31752002FB921 /* AESCryptDemoTests.xctest */,
				816534761FA31752002FB921 /* AESCryptDemoUITests.xctest */,
			);
			name = Products;
			sourceTree = "<group>";
		};
		816534551FA31752002FB921 /* AESCryptDemo */ = {
			isa = PBXGroup;
			children = (
				816534561FA31752002FB921 /* AppDelegate.h */,
				816534571FA31752002FB921 /* AppDelegate.m */,
				816534591FA31752002FB921 /* ViewController.h */,
				8165345A1FA31752002FB921 /* ViewController.m */,
				8165345C1FA31752002FB921 /* Main.storyboard */,
				8165345F1FA31752002FB921 /* Assets.xcassets */,
				816534611FA31752002FB921 /* LaunchScreen.storyboard */,
				816534641FA31752002FB921 /* Info.plist */,
				816534651FA31752002FB921 /* main.m */,
			);
			path = AESCryptDemo;
			sourceTree = "<group>";
		};
		8165346E1FA31752002FB921 /* AESCryptDemoTests */ = {
			isa = PBXGroup;
			children = (
				8165346F1FA31752002FB921 /* AESCryptDemoTests.m */,
				816534711FA31752002FB921 /* Info.plist */,
			);
			path = AESCryptDemoTests;
			sourceTree = "<group>";
		};
		816534791FA31752002FB921 /* AESCryptDemoUITests */ = {
			isa = PBXGroup;
			children = (
				8165347A1FA31752002FB921 /* AESCryptDemoUITests.m */,
				8165347C1FA31752002FB921 /* Info.plist */,
			);
			path = AESCryptDemoUITests;
			sourceTree = "<group>";
		};
/* End PBXGroup section */

/* Begin PBXNativeTarget section */
		816534521FA31752002FB921 /* AESCryptDemo */ = {
			isa = PBXNativeTarget;
			buildConfigurationList = 8165347F1FA31752002FB921 /* Build configuration list for PBXNativeTarget "AESCryptDemo" */;
			buildPhases = (
				8165344F1FA31752002FB921 /* Sources */,
				816534501FA31752002FB921 /* Frameworks */,
				816534511FA31752002FB921 /* Resources */,
			);
			buildRules = (
			);
			dependencies = (
			);
			name = AESCryptDemo;
			productName = AESCryptDemo;
			productReference = 816534531FA31752002FB921 /* AESCryptDemo.app */;
			productType = "com.apple.product-type.application";
		};
		8165346A1FA31752002FB921 /* AESCryptDemoTests */ = {
			isa = PBXNativeTarget;
			buildConfigurationList = 816534821FA31752002FB921 /* Build configuration list for PBXNativeTarget "AESCryptDemoTests" */;
			buildPhases = (
				816534671FA31752002FB921 /* Sources */,
				816534681FA31752002FB921 /* Frameworks */,
				816534691FA31752002FB921 /* Resources */,
			);
			buildRules = (
			);
			dependencies = (
				8165346D1FA31752002FB921 /* PBXTargetDependency */,
			);
			name = AESCryptDemoTests;
			productName = AESCryptDemoTests;
			productReference = 8165346B1FA31752002FB921 /* AESCryptDemoTests.xctest */;
			productType = "com.apple.product-type.bundle.unit-test";
		};
		816534751FA31752002FB921 /* AESCryptDemoUITests */ = {
			isa = PBXNativeTarget;
			buildConfigurationList = 816534851FA31752002FB921 /* Build configuration list for PBXNativeTarget "AESCryptDemoUITests" */;
			buildPhases = (
				816534721FA31752002FB921 /* Sources */,
				816534731FA31752002FB921 /* Frameworks */,
				816534741FA31752002FB921 /* Resources */,
			);
			buildRules = (
			);
			dependencies = (
				816534781FA31752002FB921 /* PBXTargetDependency */,
			);
			name = AESCryptDemoUITests;
			productName = AESCryptDemoUITests;
			productReference = 816534761FA31752002FB921 /* AESCryptDemoUITests.xctest */;
			productType = "com.apple.product-type.bundle.ui-testing";
		};
/* End PBXNativeTarget section */

/* Begin PBXProject section */
		8165344B1FA31752002FB921 /* Project object */ = {
			isa = PBXProject;
			attributes = {
				LastUpgradeCheck = 0900;
				ORGANIZATIONNAME = sunbowen;
				TargetAttributes = {
					816534521FA31752002FB921 = {
						CreatedOnToolsVersion = 9.0;
						ProvisioningStyle = Automatic;
					};
					8165346A1FA31752002FB921 = {
						CreatedOnToolsVersion = 9.0;
						ProvisioningStyle = Automatic;
						TestTargetID = 816534521FA31752002FB921;
					};
					816534751FA31752002FB921 = {
						CreatedOnToolsVersion = 9.0;
						ProvisioningStyle = Automatic;
						TestTargetID = 816534521FA31752002FB921;
					};
				};
			};
			buildConfigurationList = 8165344E1FA31752002FB921 /* Build configuration list for PBXProject "AESCryptDemo" */;
			compatibilityVersion = "Xcode 8.0";
			developmentRegion = en;
			hasScannedForEncodings = 0;
			knownRegions = (
				en,
				Base,
			);
			mainGroup = 8165344A1FA31752002FB921;
			productRefGroup = 816534541FA31752002FB921 /* Products */;
			projectDirPath = "";
			projectRoot = "";
			targets = (
				816534521FA31752002FB921 /* AESCryptDemo */,
				8165346A1FA31752002FB921 /* AESCryptDemoTests */,
				816534751FA31752002FB921 /* AESCryptDemoUITests */,
			);
		};
/* End PBXProject section */

/* Begin PBXResourcesBuildPhase section */
		816534511FA31752002FB921 /* Resources */ = {
			isa = PBXResourcesBuildPhase;
			buildActionMask = 2147483647;
			files = (
				816534631FA31752002FB921 /* LaunchScreen.storyboard in Resources */,
				816534601FA31752002FB921 /* Assets.xcassets in Resources */,
				8165345E1FA31752002FB921 /* Main.storyboard in Resources */,
			);
			runOnlyForDeploymentPostprocessing = 0;
		};
		816534691FA31752002FB921 /* Resources */ = {
			isa = PBXResourcesBuildPhase;
			buildActionMask = 2147483647;
			files = (
			);
			runOnlyForDeploymentPostprocessing = 0;
		};
		816534741FA31752002FB921 /* Resources */ = {
			isa = PBXResourcesBuildPhase;
			buildActionMask = 2147483647;
			files = (
			);
			runOnlyForDeploymentPostprocessing = 0;
		};
/* End PBXResourcesBuildPhase section */

/* Begin PBXSourcesBuildPhase section */
		8165344F1FA31752002FB921 /* Sources */ = {
			isa = PBXSourcesBuildPhase;
			buildActionMask = 2147483647;
			files = (
				8165345B1FA31752002FB921 /* ViewController.m in Sources */,
				816534661FA31752002FB921 /* main.m in Sources */,
				816534581FA31752002FB921 /* AppDelegate.m in Sources */,
			);
			runOnlyForDeploymentPostprocessing = 0;
		};
		816534671FA31752002FB921 /* Sources */ = {
			isa = PBXSourcesBuildPhase;
			buildActionMask = 2147483647;
			files = (
				816534701FA31752002FB921 /* AESCryptDemoTests.m in Sources */,
			);
			runOnlyForDeploymentPostprocessing = 0;
		};
		816534721FA31752002FB921 /* Sources */ = {
			isa = PBXSourcesBuildPhase;
			buildActionMask = 2147483647;
			files = (
				8165347B1FA31752002FB921 /* AESCryptDemoUITests.m in Sources */,
			);
			runOnlyForDeploymentPostprocessing = 0;
		};
/* End PBXSourcesBuildPhase section */

/* Begin PBXTargetDependency section */
		8165346D1FA31752002FB921 /* PBXTargetDependency */ = {
			isa = PBXTargetDependency;
			target = 816534521FA31752002FB921 /* AESCryptDemo */;
			targetProxy = 8165346C1FA31752002FB921 /* PBXContainerItemProxy */;
		};
		816534781FA31752002FB921 /* PBXTargetDependency */ = {
			isa = PBXTargetDependency;
			target = 816534521FA31752002FB921 /* AESCryptDemo */;
			targetProxy = 816534771FA31752002FB921 /* PBXContainerItemProxy */;
		};
/* End PBXTargetDependency section */

/* Begin PBXVariantGroup section */
		8165345C1FA31752002FB921 /* Main.storyboard */ = {
			isa = PBXVariantGroup;
			children = (
				8165345D1FA31752002FB921 /* Base */,
			);
			name = Main.storyboard;
			sourceTree = "<group>";
		};
		816534611FA31752002FB921 /* LaunchScreen.storyboard */ = {
			isa = PBXVariantGroup;
			children = (
				816534621FA31752002FB921 /* Base */,
			);
			name = LaunchScreen.storyboard;
			sourceTree = "<group>";
		};
/* End PBXVariantGroup section */

/* Begin XCBuildConfiguration section */
		8165347D1FA31752002FB921 /* Debug */ = {
			isa = XCBuildConfiguration;
			buildSettings = {
				ALWAYS_SEARCH_USER_PATHS = NO;
				CLANG_ANALYZER_NONNULL = YES;
				CLANG_ANALYZER_NUMBER_OBJECT_CONVERSION = YES_AGGRESSIVE;
				CLANG_CXX_LANGUAGE_STANDARD = "gnu++14";
				CLANG_CXX_LIBRARY = "libc++";
				CLANG_ENABLE_MODULES = YES;
				CLANG_ENABLE_OBJC_ARC = YES;
				CLANG_WARN_BLOCK_CAPTURE_AUTORELEASING = YES;
				CLANG_WARN_BOOL_CONVERSION = YES;
				CLANG_WARN_COMMA = YES;
				CLANG_WARN_CONSTANT_CONVERSION = YES;
				CLANG_WARN_DIRECT_OBJC_ISA_USAGE = YES_ERROR;
				CLANG_WARN_DOCUMENTATION_COMMENTS = YES;
				CLANG_WARN_EMPTY_BODY = YES;
				CLANG_WARN_ENUM_CONVERSION = YES;
				CLANG_WARN_INFINITE_RECURSION = YES;
				CLANG_WARN_INT_CONVERSION = YES;
				CLANG_WARN_NON_LITERAL_NULL_CONVERSION = YES;
				CLANG_WARN_OBJC_LITERAL_CONVERSION = YES;
				CLANG_WARN_OBJC_ROOT_CLASS = YES_ERROR;
				CLANG_WARN_RANGE_LOOP_ANALYSIS = YES;
				CLANG_WARN_STRICT_PROTOTYPES = YES;
				CLANG_WARN_SUSPICIOUS_MOVE = YES;
				CLANG_WARN_UNGUARDED_AVAILABILITY = YES_AGGRESSIVE;
				CLANG_WARN_UNREACHABLE_CODE = YES;
				CLANG_WARN__DUPLICATE_METHOD_MATCH = YES;
				CODE_SIGN_IDENTITY = "iPhone Developer";
				COPY_PHASE_STRIP = NO;
				DEBUG_INFORMATION_FORMAT = dwarf;
				ENABLE_STRICT_OBJC_MSGSEND = YES;
				ENABLE_TESTABILITY = YES;
				GCC_C_LANGUAGE_STANDARD = gnu11;
				GCC_DYNAMIC_NO_PIC = NO;
				GCC_NO_COMMON_BLOCKS = YES;
				GCC_OPTIMIZATION_LEVEL = 0;
				GCC_PREPROCESSOR_DEFINITIONS = (
					"DEBUG=1",
					"$(inherited)",
				);
				GCC_WARN_64_TO_32_BIT_CONVERSION = YES;
				GCC_WARN_ABOUT_RETURN_TYPE = YES_ERROR;
				GCC_WARN_UNDECLARED_SELECTOR = YES;
				GCC_WARN_UNINITIALIZED_AUTOS = YES_AGGRESSIVE;
				GCC_WARN_UNUSED_FUNCTION = YES;
				GCC_WARN_UNUSED_VARIABLE = YES;
				IPHONEOS_DEPLOYMENT_TARGET = 11.0;
				MTL_ENABLE_DEBUG_INFO = YES;
				ONLY_ACTIVE_ARCH = YES;
				SDKROOT = iphoneos;
			};
			name = Debug;
		};
		8165347E1FA31752002FB921 /* Release */ = {
			isa = XCBuildConfiguration;
			buildSettings = {
				ALWAYS_SEARCH_USER_PATHS = NO;
				CLANG_ANALYZER_NONNULL = YES;
				CLANG_ANALYZER_NUMBER_OBJECT_CONVERSION = YES_AGGRESSIVE;
				CLANG_CXX_LANGUAGE_STANDARD = "gnu++14";
				CLANG_CXX_LIBRARY = "libc++";
				CLANG_ENABLE_MODULES = YES;
				CLANG_ENABLE_OBJC_ARC = YES;
				CLANG_WARN_BLOCK_CAPTURE_AUTORELEASING = YES;
				CLANG_WARN_BOOL_CONVERSION = YES;
				CLANG_WARN_COMMA = YES;
				CLANG_WARN_CONSTANT_CONVERSION = YES;
				CLANG_WARN_DIRECT_OBJC_ISA_USAGE = YES_ERROR;
				CLANG_WARN_DOCUMENTATION_COMMENTS = YES;
				CLANG_WARN_EMPTY_BODY = YES;
				CLANG_WARN_ENUM_CONVERSION = YES;
				CLANG_WARN_INFINITE_RECURSION = YES;
				CLANG_WARN_INT_CONVERSION = YES;
				CLANG_WARN_NON_LITERAL_NULL_CONVERSION = YES;
				CLANG_WARN_OBJC_LITERAL_CONVERSION = YES;
				CLANG_WARN_OBJC_ROOT_CLASS = YES_ERROR;
				CLANG_WARN_RANGE_LOOP_ANALYSIS = YES;
				CLANG_WARN_STRICT_PROTOTYPES = YES;
				CLANG_WARN_SUSPICIOUS_MOVE = YES;
				CLANG_WARN_UNGUARDED_AVAILABILITY = YES_AGGRESSIVE;
				CLANG_WARN_UNREACHABLE_CODE = YES;
				CLANG_WARN__DUPLICATE_METHOD_MATCH = YES;
				CODE_SIGN_IDENTITY = "iPhone Developer";
				COPY_PHASE_STRIP = NO;
				DEBUG_INFORMATION_FORMAT = "dwarf-with-dsym";
				ENABLE_NS_ASSERTIONS = NO;
				ENABLE_STRICT_OBJC_MSGSEND = YES;
				GCC_C_LANGUAGE_STANDARD = gnu11;
				GCC_NO_COMMON_BLOCKS = YES;
				GCC_WARN_64_TO_32_BIT_CONVERSION = YES;
				GCC_WARN_ABOUT_RETURN_TYPE = YES_ERROR;
				GCC_WARN_UNDECLARED_SELECTOR = YES;
				GCC_WARN_UNINITIALIZED_AUTOS = YES_AGGRESSIVE;
				GCC_WARN_UNUSED_FUNCTION = YES;
				GCC_WARN_UNUSED_VARIABLE = YES;
				IPHONEOS_DEPLOYMENT_TARGET = 11.0;
				MTL_ENABLE_DEBUG_INFO = NO;
				SDKROOT = iphoneos;
				VALIDATE_PRODUCT = YES;
			};
			name = Release;
		};
		816534801FA31752002FB921 /* Debug */ = {
			isa = XCBuildConfiguration;
			buildSettings = {
				ASSETCATALOG_COMPILER_APPICON_NAME = AppIcon;
				CODE_SIGN_STYLE = Automatic;
				INFOPLIST_FILE = AESCryptDemo/Info.plist;
				LD_RUNPATH_SEARCH_PATHS = "$(inherited) @executable_path/Frameworks";
				PRODUCT_BUNDLE_IDENTIFIER = com.liwujia.AESCryptDemo;
				PRODUCT_NAME = "$(TARGET_NAME)";
				TARGETED_DEVICE_FAMILY = "1,2";
			};
			name = Debug;
		};
		816534811FA31752002FB921 /* Release */ = {
			isa = XCBuildConfiguration;
			buildSettings = {
				ASSETCATALOG_COMPILER_APPICON_NAME = AppIcon;
				CODE_SIGN_STYLE = Automatic;
				INFOPLIST_FILE = AESCryptDemo/Info.plist;
				LD_RUNPATH_SEARCH_PATHS = "$(inherited) @executable_path/Frameworks";
				PRODUCT_BUNDLE_IDENTIFIER = com.liwujia.AESCryptDemo;
				PRODUCT_NAME = "$(TARGET_NAME)";
				TARGETED_DEVICE_FAMILY = "1,2";
			};
			name = Release;
		};
		816534831FA31752002FB921 /* Debug */ = {
			isa = XCBuildConfiguration;
			buildSettings = {
				BUNDLE_LOADER = "$(TEST_HOST)";
				CODE_SIGN_STYLE = Automatic;
				INFOPLIST_FILE = AESCryptDemoTests/Info.plist;
				LD_RUNPATH_SEARCH_PATHS = "$(inherited) @executable_path/Frameworks @loader_path/Frameworks";
				PRODUCT_BUNDLE_IDENTIFIER = com.liwujia.AESCryptDemoTests;
				PRODUCT_NAME = "$(TARGET_NAME)";
				TARGETED_DEVICE_FAMILY = "1,2";
				TEST_HOST = "$(BUILT_PRODUCTS_DIR)/AESCryptDemo.app/AESCryptDemo";
			};
			name = Debug;
		};
		816534841FA31752002FB921 /* Release */ = {
			isa = XCBuildConfiguration;
			buildSettings = {
				BUNDLE_LOADER = "$(TEST_HOST)";
				CODE_SIGN_STYLE = Automatic;
				INFOPLIST_FILE = AESCryptDemoTests/Info.plist;
				LD_RUNPATH_SEARCH_PATHS = "$(inherited) @executable_path/Frameworks @loader_path/Frameworks";
				PRODUCT_BUNDLE_IDENTIFIER = com.liwujia.AESCryptDemoTests;
				PRODUCT_NAME = "$(TARGET_NAME)";
				TARGETED_DEVICE_FAMILY = "1,2";
				TEST_HOST = "$(BUILT_PRODUCTS_DIR)/AESCryptDemo.app/AESCryptDemo";
			};
			name = Release;
		};
		816534861FA31752002FB921 /* Debug */ = {
			isa = XCBuildConfiguration;
			buildSettings = {
				CODE_SIGN_STYLE = Automatic;
				INFOPLIST_FILE = AESCryptDemoUITests/Info.plist;
				LD_RUNPATH_SEARCH_PATHS = "$(inherited) @executable_path/Frameworks @loader_path/Frameworks";
				PRODUCT_BUNDLE_IDENTIFIER = com.liwujia.AESCryptDemoUITests;
				PRODUCT_NAME = "$(TARGET_NAME)";
				TARGETED_DEVICE_FAMILY = "1,2";
				TEST_TARGET_NAME = AESCryptDemo;
			};
			name = Debug;
		};
		816534871FA31752002FB921 /* Release */ = {
			isa = XCBuildConfiguration;
			buildSettings = {
				CODE_SIGN_STYLE = Automatic;
				INFOPLIST_FILE = AESCryptDemoUITests/Info.plist;
				LD_RUNPATH_SEARCH_PATHS = "$(inherited) @executable_path/Frameworks @loader_path/Frameworks";
				PRODUCT_BUNDLE_IDENTIFIER = com.liwujia.AESCryptDemoUITests;
				PRODUCT_NAME = "$(TARGET_NAME)";
				TARGETED_DEVICE_FAMILY = "1,2";
				TEST_TARGET_NAME = AESCryptDemo;
			};
			name = Release;
		};
/* End XCBuildConfiguration section */

/* Begin XCConfigurationList section */
		8165344E1FA31752002FB921 /* Build configuration list for PBXProject "AESCryptDemo" */ = {
			isa = XCConfigurationList;
			buildConfigurations = (
				8165347D1FA31752002FB921 /* Debug */,
				8165347E1FA31752002FB921 /* Release */,
			);
			defaultConfigurationIsVisible = 0;
			defaultConfigurationName = Release;
		};
		8165347F1FA31752002FB921 /* Build configuration list for PBXNativeTarget "AESCryptDemo" */ = {
			isa = XCConfigurationList;
			buildConfigurations = (
				816534801FA31752002FB921 /* Debug */,
				816534811FA31752002FB921 /* Release */,
			);
			defaultConfigurationIsVisible = 0;
			defaultConfigurationName = Release;
		};
		816534821FA31752002FB921 /* Build configuration list for PBXNativeTarget "AESCryptDemoTests" */ = {
			isa = XCConfigurationList;
			buildConfigurations = (
				816534831FA31752002FB921 /* Debug */,
				816534841FA31752002FB921 /* Release */,
			);
			defaultConfigurationIsVisible = 0;
			defaultConfigurationName = Release;
		};
		816534851FA31752002FB921 /* Build configuration list for PBXNativeTarget "AESCryptDemoUITests" */ = {
			isa = XCConfigurationList;
			buildConfigurations = (
				816534861FA31752002FB921 /* Debug */,
				816534871FA31752002FB921 /* Release */,
			);
			defaultConfigurationIsVisible = 0;
			defaultConfigurationName = Release;
		};
/* End XCConfigurationList section */
	};
	rootObject = 8165344B1FA31752002FB921 /* Project object */;
}
